// !$*UTF8*$!
{
	archiveVersion = 1;
	classes = {
	};
	objectVersion = 48;
	objects = {

/* Begin PBXBuildFile section */
		DC0EC104200DDF1A00E601CC /* MBProgressHUD.m in Sources */ = {isa = PBXBuildFile; fileRef = DC0EC102200DDF1A00E601CC /* MBProgressHUD.m */; };
		DC0EC108200DE37800E601CC /* DateDescripController.m in Sources */ = {isa = PBXBuildFile; fileRef = DC0EC107200DE37800E601CC /* DateDescripController.m */; };
		DC0EC10B200DE39000E601CC /* ViewController.m in Sources */ = {isa = PBXBuildFile; fileRef = DC0EC109200DE39000E601CC /* ViewController.m */; };
		DC20C9F120088C3F00131174 /* YJNChooseListCover.m in Sources */ = {isa = PBXBuildFile; fileRef = DC20C9F020088C3F00131174 /* YJNChooseListCover.m */; };
		DC23E78920AC1E4300FFED7D /* YJNDesignableButton.m in Sources */ = {isa = PBXBuildFile; fileRef = DC23E78820AC1E4300FFED7D /* YJNDesignableButton.m */; };
		DC55A2E1208DB8890006E131 /* UIViewController+Permission.m in Sources */ = {isa = PBXBuildFile; fileRef = DC55A2DF208DB8890006E131 /* UIViewController+Permission.m */; };
		DC64350F20AA98ED0057AC67 /* YJNDateManager.m in Sources */ = {isa = PBXBuildFile; fileRef = DC64350E20AA98ED0057AC67 /* YJNDateManager.m */; };
		DC8A78022007650000E5DF42 /* AppDelegate.m in Sources */ = {isa = PBXBuildFile; fileRef = DC8A78012007650000E5DF42 /* AppDelegate.m */; };
		DC8A78082007650000E5DF42 /* Main.storyboard in Resources */ = {isa = PBXBuildFile; fileRef = DC8A78062007650000E5DF42 /* Main.storyboard */; };
		DC8A780A2007650000E5DF42 /* Assets.xcassets in Resources */ = {isa = PBXBuildFile; fileRef = DC8A78092007650000E5DF42 /* Assets.xcassets */; };
		DC8A780D2007650000E5DF42 /* LaunchScreen.storyboard in Resources */ = {isa = PBXBuildFile; fileRef = DC8A780B2007650000E5DF42 /* LaunchScreen.storyboard */; };
		DC8A78102007650000E5DF42 /* main.m in Sources */ = {isa = PBXBuildFile; fileRef = DC8A780F2007650000E5DF42 /* main.m */; };
		DC8A781A2007662F00E5DF42 /* YJNChooseList.m in Sources */ = {isa = PBXBuildFile; fileRef = DC8A78192007662F00E5DF42 /* YJNChooseList.m */; };
		DCA19B632010745B00B3904F /* NSLayoutConstraint+MASDebugAdditions.m in Sources */ = {isa = PBXBuildFile; fileRef = DCA19B4A2010745B00B3904F /* NSLayoutConstraint+MASDebugAdditions.m */; };
		DCA19B642010745B00B3904F /* ViewController+MASAdditions.m in Sources */ = {isa = PBXBuildFile; fileRef = DCA19B532010745B00B3904F /* ViewController+MASAdditions.m */; };
		DCA19B652010745B00B3904F /* MASCompositeConstraint.m in Sources */ = {isa = PBXBuildFile; fileRef = DCA19B572010745B00B3904F /* MASCompositeConstraint.m */; };
		DCA19B662010745B00B3904F /* MASConstraintMaker.m in Sources */ = {isa = PBXBuildFile; fileRef = DCA19B582010745B00B3904F /* MASConstraintMaker.m */; };
		DCA19B672010745B00B3904F /* MASLayoutConstraint.m in Sources */ = {isa = PBXBuildFile; fileRef = DCA19B592010745B00B3904F /* MASLayoutConstraint.m */; };
		DCA19B682010745B00B3904F /* NSArray+MASAdditions.m in Sources */ = {isa = PBXBuildFile; fileRef = DCA19B5A2010745B00B3904F /* NSArray+MASAdditions.m */; };
		DCA19B692010745B00B3904F /* View+MASAdditions.m in Sources */ = {isa = PBXBuildFile; fileRef = DCA19B5B2010745B00B3904F /* View+MASAdditions.m */; };
		DCA19B6A2010745B00B3904F /* MASConstraint.m in Sources */ = {isa = PBXBuildFile; fileRef = DCA19B5E2010745B00B3904F /* MASConstraint.m */; };
		DCA19B6B2010745B00B3904F /* MASViewConstraint.m in Sources */ = {isa = PBXBuildFile; fileRef = DCA19B602010745B00B3904F /* MASViewConstraint.m */; };
		DCA19B6C2010745B00B3904F /* MASViewAttribute.m in Sources */ = {isa = PBXBuildFile; fileRef = DCA19B612010745B00B3904F /* MASViewAttribute.m */; };
		DCA19B6D2010745B00B3904F /* Info.plist in Resources */ = {isa = PBXBuildFile; fileRef = DCA19B622010745B00B3904F /* Info.plist */; };
		DCA19B7C2010981C00B3904F /* NSDate+YJNDateDescription.m in Sources */ = {isa = PBXBuildFile; fileRef = DCA19B772010981C00B3904F /* NSDate+YJNDateDescription.m */; };
		DCA19B7D2010981C00B3904F /* UIViewController+YJNHUD.m in Sources */ = {isa = PBXBuildFile; fileRef = DCA19B7A2010981C00B3904F /* UIViewController+YJNHUD.m */; };
		DCA28E6B20AF8854002FD6AF /* UINavigationController+Inspectable.m in Sources */ = {isa = PBXBuildFile; fileRef = DCA28E6920AF8854002FD6AF /* UINavigationController+Inspectable.m */; };
		DCB1326520809E9600CD7DC3 /* UIButton+YJNCountDown.m in Sources */ = {isa = PBXBuildFile; fileRef = DCB1326420809E9600CD7DC3 /* UIButton+YJNCountDown.m */; };
		DCEA3FF520455002007E0733 /* YJNMultiTabButton.m in Sources */ = {isa = PBXBuildFile; fileRef = DCEA3FF220455002007E0733 /* YJNMultiTabButton.m */; };
		DCEA3FF620455002007E0733 /* YJNMultiTabView.m in Sources */ = {isa = PBXBuildFile; fileRef = DCEA3FF320455002007E0733 /* YJNMultiTabView.m */; };
		DCEA3FF9204550F2007E0733 /* MultiTabViewController.m in Sources */ = {isa = PBXBuildFile; fileRef = DCEA3FF8204550F2007E0733 /* MultiTabViewController.m */; };
/* End PBXBuildFile section */

/* Begin PBXFileReference section */
		DC0EC102200DDF1A00E601CC /* MBProgressHUD.m */ = {isa = PBXFileReference; fileEncoding = 4; lastKnownFileType = sourcecode.c.objc; path = MBProgressHUD.m; sourceTree = "<group>"; };
		DC0EC103200DDF1A00E601CC /* MBProgressHUD.h */ = {isa = PBXFileReference; fileEncoding = 4; lastKnownFileType = sourcecode.c.h; path = MBProgressHUD.h; sourceTree = "<group>"; };
		DC0EC106200DE37800E601CC /* DateDescripController.h */ = {isa = PBXFileReference; lastKnownFileType = sourcecode.c.h; path = DateDescripController.h; sourceTree = "<group>"; };
		DC0EC107200DE37800E601CC /* DateDescripController.m */ = {isa = PBXFileReference; lastKnownFileType = sourcecode.c.objc; path = DateDescripController.m; sourceTree = "<group>"; };
		DC0EC109200DE39000E601CC /* ViewController.m */ = {isa = PBXFileReference; fileEncoding = 4; lastKnownFileType = sourcecode.c.objc; path = ViewController.m; sourceTree = "<group>"; };
		DC0EC10A200DE39000E601CC /* ViewController.h */ = {isa = PBXFileReference; fileEncoding = 4; lastKnownFileType = sourcecode.c.h; path = ViewController.h; sourceTree = "<group>"; };
		DC20C9EF20088C3F00131174 /* YJNChooseListCover.h */ = {isa = PBXFileReference; lastKnownFileType = sourcecode.c.h; path = YJNChooseListCover.h; sourceTree = "<group>"; };
		DC20C9F020088C3F00131174 /* YJNChooseListCover.m */ = {isa = PBXFileReference; lastKnownFileType = sourcecode.c.objc; path = YJNChooseListCover.m; sourceTree = "<group>"; };
		DC23E78720AC1E4300FFED7D /* YJNDesignableButton.h */ = {isa = PBXFileReference; fileEncoding = 4; lastKnownFileType = sourcecode.c.h; path = YJNDesignableButton.h; sourceTree = "<group>"; };
		DC23E78820AC1E4300FFED7D /* YJNDesignableButton.m */ = {isa = PBXFileReference; fileEncoding = 4; lastKnownFileType = sourcecode.c.objc; path = YJNDesignableButton.m; sourceTree = "<group>"; };
		DC55A2DF208DB8890006E131 /* UIViewController+Permission.m */ = {isa = PBXFileReference; fileEncoding = 4; lastKnownFileType = sourcecode.c.objc; path = "UIViewController+Permission.m"; sourceTree = "<group>"; };
		DC55A2E0208DB8890006E131 /* UIViewController+Permission.h */ = {isa = PBXFileReference; fileEncoding = 4; lastKnownFileType = sourcecode.c.h; path = "UIViewController+Permission.h"; sourceTree = "<group>"; };
		DC64350D20AA98ED0057AC67 /* YJNDateManager.h */ = {isa = PBXFileReference; lastKnownFileType = sourcecode.c.h; path = YJNDateManager.h; sourceTree = "<group>"; };
		DC64350E20AA98ED0057AC67 /* YJNDateManager.m */ = {isa = PBXFileReference; lastKnownFileType = sourcecode.c.objc; path = YJNDateManager.m; sourceTree = "<group>"; };
		DC8A77FD2007650000E5DF42 /* YJNComponentsDemo.app */ = {isa = PBXFileReference; explicitFileType = wrapper.application; includeInIndex = 0; path = YJNComponentsDemo.app; sourceTree = BUILT_PRODUCTS_DIR; };
		DC8A78002007650000E5DF42 /* AppDelegate.h */ = {isa = PBXFileReference; lastKnownFileType = sourcecode.c.h; path = AppDelegate.h; sourceTree = "<group>"; };
		DC8A78012007650000E5DF42 /* AppDelegate.m */ = {isa = PBXFileReference; lastKnownFileType = sourcecode.c.objc; path = AppDelegate.m; sourceTree = "<group>"; };
		DC8A78072007650000E5DF42 /* Base */ = {isa = PBXFileReference; lastKnownFileType = file.storyboard; name = Base; path = Base.lproj/Main.storyboard; sourceTree = "<group>"; };
		DC8A78092007650000E5DF42 /* Assets.xcassets */ = {isa = PBXFileReference; lastKnownFileType = folder.assetcatalog; path = Assets.xcassets; sourceTree = "<group>"; };
		DC8A780C2007650000E5DF42 /* Base */ = {isa = PBXFileReference; lastKnownFileType = file.storyboard; name = Base; path = Base.lproj/LaunchScreen.storyboard; sourceTree = "<group>"; };
		DC8A780E2007650000E5DF42 /* Info.plist */ = {isa = PBXFileReference; lastKnownFileType = text.plist.xml; path = Info.plist; sourceTree = "<group>"; };
		DC8A780F2007650000E5DF42 /* main.m */ = {isa = PBXFileReference; lastKnownFileType = sourcecode.c.objc; path = main.m; sourceTree = "<group>"; };
		DC8A78182007662F00E5DF42 /* YJNChooseList.h */ = {isa = PBXFileReference; fileEncoding = 4; lastKnownFileType = sourcecode.c.h; path = YJNChooseList.h; sourceTree = "<group>"; };
		DC8A78192007662F00E5DF42 /* YJNChooseList.m */ = {isa = PBXFileReference; fileEncoding = 4; lastKnownFileType = sourcecode.c.objc; path = YJNChooseList.m; sourceTree = "<group>"; };
		DCA19B492010745B00B3904F /* MASCompositeConstraint.h */ = {isa = PBXFileReference; fileEncoding = 4; lastKnownFileType = sourcecode.c.h; path = MASCompositeConstraint.h; sourceTree = "<group>"; };
		DCA19B4A2010745B00B3904F /* NSLayoutConstraint+MASDebugAdditions.m */ = {isa = PBXFileReference; fileEncoding = 4; lastKnownFileType = sourcecode.c.objc; path = "NSLayoutConstraint+MASDebugAdditions.m"; sourceTree = "<group>"; };
		DCA19B4B2010745B00B3904F /* MASConstraint+Private.h */ = {isa = PBXFileReference; fileEncoding = 4; lastKnownFileType = sourcecode.c.h; path = "MASConstraint+Private.h"; sourceTree = "<group>"; };
		DCA19B4C2010745B00B3904F /* MASLayoutConstraint.h */ = {isa = PBXFileReference; fileEncoding = 4; lastKnownFileType = sourcecode.c.h; path = MASLayoutConstraint.h; sourceTree = "<group>"; };
		DCA19B4D2010745B00B3904F /* NSArray+MASShorthandAdditions.h */ = {isa = PBXFileReference; fileEncoding = 4; lastKnownFileType = sourcecode.c.h; path = "NSArray+MASShorthandAdditions.h"; sourceTree = "<group>"; };
		DCA19B4E2010745B00B3904F /* MASConstraintMaker.h */ = {isa = PBXFileReference; fileEncoding = 4; lastKnownFileType = sourcecode.c.h; path = MASConstraintMaker.h; sourceTree = "<group>"; };
		DCA19B4F2010745B00B3904F /* View+MASAdditions.h */ = {isa = PBXFileReference; fileEncoding = 4; lastKnownFileType = sourcecode.c.h; path = "View+MASAdditions.h"; sourceTree = "<group>"; };
		DCA19B502010745B00B3904F /* NSArray+MASAdditions.h */ = {isa = PBXFileReference; fileEncoding = 4; lastKnownFileType = sourcecode.c.h; path = "NSArray+MASAdditions.h"; sourceTree = "<group>"; };
		DCA19B512010745B00B3904F /* MASUtilities.h */ = {isa = PBXFileReference; fileEncoding = 4; lastKnownFileType = sourcecode.c.h; path = MASUtilities.h; sourceTree = "<group>"; };
		DCA19B522010745B00B3904F /* MASViewAttribute.h */ = {isa = PBXFileReference; fileEncoding = 4; lastKnownFileType = sourcecode.c.h; path = MASViewAttribute.h; sourceTree = "<group>"; };
		DCA19B532010745B00B3904F /* ViewController+MASAdditions.m */ = {isa = PBXFileReference; fileEncoding = 4; lastKnownFileType = sourcecode.c.objc; path = "ViewController+MASAdditions.m"; sourceTree = "<group>"; };
		DCA19B542010745B00B3904F /* MASViewConstraint.h */ = {isa = PBXFileReference; fileEncoding = 4; lastKnownFileType = sourcecode.c.h; path = MASViewConstraint.h; sourceTree = "<group>"; };
		DCA19B552010745B00B3904F /* MASConstraint.h */ = {isa = PBXFileReference; fileEncoding = 4; lastKnownFileType = sourcecode.c.h; path = MASConstraint.h; sourceTree = "<group>"; };
		DCA19B562010745B00B3904F /* NSLayoutConstraint+MASDebugAdditions.h */ = {isa = PBXFileReference; fileEncoding = 4; lastKnownFileType = sourcecode.c.h; path = "NSLayoutConstraint+MASDebugAdditions.h"; sourceTree = "<group>"; };
		DCA19B572010745B00B3904F /* MASCompositeConstraint.m */ = {isa = PBXFileReference; fileEncoding = 4; lastKnownFileType = sourcecode.c.objc; path = MASCompositeConstraint.m; sourceTree = "<group>"; };
		DCA19B582010745B00B3904F /* MASConstraintMaker.m */ = {isa = PBXFileReference; fileEncoding = 4; lastKnownFileType = sourcecode.c.objc; path = MASConstraintMaker.m; sourceTree = "<group>"; };
		DCA19B592010745B00B3904F /* MASLayoutConstraint.m */ = {isa = PBXFileReference; fileEncoding = 4; lastKnownFileType = sourcecode.c.objc; path = MASLayoutConstraint.m; sourceTree = "<group>"; };
		DCA19B5A2010745B00B3904F /* NSArray+MASAdditions.m */ = {isa = PBXFileReference; fileEncoding = 4; lastKnownFileType = sourcecode.c.objc; path = "NSArray+MASAdditions.m"; sourceTree = "<group>"; };
		DCA19B5B2010745B00B3904F /* View+MASAdditions.m */ = {isa = PBXFileReference; fileEncoding = 4; lastKnownFileType = sourcecode.c.objc; path = "View+MASAdditions.m"; sourceTree = "<group>"; };
		DCA19B5C2010745B00B3904F /* View+MASShorthandAdditions.h */ = {isa = PBXFileReference; fileEncoding = 4; lastKnownFileType = sourcecode.c.h; path = "View+MASShorthandAdditions.h"; sourceTree = "<group>"; };
		DCA19B5D2010745B00B3904F /* Masonry.h */ = {isa = PBXFileReference; fileEncoding = 4; lastKnownFileType = sourcecode.c.h; path = Masonry.h; sourceTree = "<group>"; };
		DCA19B5E2010745B00B3904F /* MASConstraint.m */ = {isa = PBXFileReference; fileEncoding = 4; lastKnownFileType = sourcecode.c.objc; path = MASConstraint.m; sourceTree = "<group>"; };
		DCA19B5F2010745B00B3904F /* ViewController+MASAdditions.h */ = {isa = PBXFileReference; fileEncoding = 4; lastKnownFileType = sourcecode.c.h; path = "ViewController+MASAdditions.h"; sourceTree = "<group>"; };
		DCA19B602010745B00B3904F /* MASViewConstraint.m */ = {isa = PBXFileReference; fileEncoding = 4; lastKnownFileType = sourcecode.c.objc; path = MASViewConstraint.m; sourceTree = "<group>"; };
		DCA19B612010745B00B3904F /* MASViewAttribute.m */ = {isa = PBXFileReference; fileEncoding = 4; lastKnownFileType = sourcecode.c.objc; path = MASViewAttribute.m; sourceTree = "<group>"; };
		DCA19B622010745B00B3904F /* Info.plist */ = {isa = PBXFileReference; fileEncoding = 4; lastKnownFileType = text.plist.xml; path = Info.plist; sourceTree = "<group>"; };
		DCA19B772010981C00B3904F /* NSDate+YJNDateDescription.m */ = {isa = PBXFileReference; fileEncoding = 4; lastKnownFileType = sourcecode.c.objc; path = "NSDate+YJNDateDescription.m"; sourceTree = "<group>"; };
		DCA19B782010981C00B3904F /* NSDate+YJNDateDescription.h */ = {isa = PBXFileReference; fileEncoding = 4; lastKnownFileType = sourcecode.c.h; path = "NSDate+YJNDateDescription.h"; sourceTree = "<group>"; };
		DCA19B7A2010981C00B3904F /* UIViewController+YJNHUD.m */ = {isa = PBXFileReference; fileEncoding = 4; lastKnownFileType = sourcecode.c.objc; path = "UIViewController+YJNHUD.m"; sourceTree = "<group>"; };
		DCA19B7B2010981C00B3904F /* UIViewController+YJNHUD.h */ = {isa = PBXFileReference; fileEncoding = 4; lastKnownFileType = sourcecode.c.h; path = "UIViewController+YJNHUD.h"; sourceTree = "<group>"; };
		DCA28E6920AF8854002FD6AF /* UINavigationController+Inspectable.m */ = {isa = PBXFileReference; fileEncoding = 4; lastKnownFileType = sourcecode.c.objc; path = "UINavigationController+Inspectable.m"; sourceTree = "<group>"; };
		DCA28E6A20AF8854002FD6AF /* UINavigationController+Inspectable.h */ = {isa = PBXFileReference; fileEncoding = 4; lastKnownFileType = sourcecode.c.h; path = "UINavigationController+Inspectable.h"; sourceTree = "<group>"; };
		DCB1326320809E9600CD7DC3 /* UIButton+YJNCountDown.h */ = {isa = PBXFileReference; lastKnownFileType = sourcecode.c.h; path = "UIButton+YJNCountDown.h"; sourceTree = "<group>"; };
		DCB1326420809E9600CD7DC3 /* UIButton+YJNCountDown.m */ = {isa = PBXFileReference; lastKnownFileType = sourcecode.c.objc; path = "UIButton+YJNCountDown.m"; sourceTree = "<group>"; };
		DCEA3FF020455002007E0733 /* YJNMultiTabButton.h */ = {isa = PBXFileReference; fileEncoding = 4; lastKnownFileType = sourcecode.c.h; path = YJNMultiTabButton.h; sourceTree = "<group>"; };
		DCEA3FF120455002007E0733 /* YJNMultiTabView.h */ = {isa = PBXFileReference; fileEncoding = 4; lastKnownFileType = sourcecode.c.h; path = YJNMultiTabView.h; sourceTree = "<group>"; };
		DCEA3FF220455002007E0733 /* YJNMultiTabButton.m */ = {isa = PBXFileReference; fileEncoding = 4; lastKnownFileType = sourcecode.c.objc; path = YJNMultiTabButton.m; sourceTree = "<group>"; };
		DCEA3FF320455002007E0733 /* YJNMultiTabView.m */ = {isa = PBXFileReference; fileEncoding = 4; lastKnownFileType = sourcecode.c.objc; path = YJNMultiTabView.m; sourceTree = "<group>"; };
		DCEA3FF420455002007E0733 /* YJNMultiTabConstant.h */ = {isa = PBXFileReference; fileEncoding = 4; lastKnownFileType = sourcecode.c.h; path = YJNMultiTabConstant.h; sourceTree = "<group>"; };
		DCEA3FF7204550F2007E0733 /* MultiTabViewController.h */ = {isa = PBXFileReference; lastKnownFileType = sourcecode.c.h; path = MultiTabViewController.h; sourceTree = "<group>"; };
		DCEA3FF8204550F2007E0733 /* MultiTabViewController.m */ = {isa = PBXFileReference; lastKnownFileType = sourcecode.c.objc; path = MultiTabViewController.m; sourceTree = "<group>"; };
/* End PBXFileReference section */

/* Begin PBXFrameworksBuildPhase section */
		DC8A77FA2007650000E5DF42 /* Frameworks */ = {
			isa = PBXFrameworksBuildPhase;
			buildActionMask = 2147483647;
			files = (
			);
			runOnlyForDeploymentPostprocessing = 0;
		};
/* End PBXFrameworksBuildPhase section */

/* Begin PBXGroup section */
		DC0EC0F9200DD52200E601CC /* Category */ = {
			isa = PBXGroup;
			children = (
				DCA28E6820AF8854002FD6AF /* YJNNavigationControllerInspectable */,
				DC55A2DE208DB8890006E131 /* YJNPermissionManager */,
				DCB1326220809E5F00CD7DC3 /* YJNCountDownBtn */,
				DCA19B7E20109C5E00B3904F /* YJNPopoverArrowMenu */,
				DCA19B762010981C00B3904F /* YJNDateDescription */,
				DCA19B792010981C00B3904F /* YJNHud */,
			);
			path = Category;
			sourceTree = "<group>";
		};
		DC0EC100200DDE9C00E601CC /* Vendor */ = {
			isa = PBXGroup;
			children = (
				DCA19B482010745B00B3904F /* Masonry */,
				DC0EC101200DDF1A00E601CC /* MBProgressHUD */,
			);
			path = Vendor;
			sourceTree = "<group>";
		};
		DC0EC101200DDF1A00E601CC /* MBProgressHUD */ = {
			isa = PBXGroup;
			children = (
				DC0EC102200DDF1A00E601CC /* MBProgressHUD.m */,
				DC0EC103200DDF1A00E601CC /* MBProgressHUD.h */,
			);
			path = MBProgressHUD;
			sourceTree = "<group>";
		};
		DC0EC105200DE34800E601CC /* Controllers */ = {
			isa = PBXGroup;
			children = (
				DC0EC10A200DE39000E601CC /* ViewController.h */,
				DC0EC109200DE39000E601CC /* ViewController.m */,
				DC0EC106200DE37800E601CC /* DateDescripController.h */,
				DC0EC107200DE37800E601CC /* DateDescripController.m */,
				DCEA3FF7204550F2007E0733 /* MultiTabViewController.h */,
				DCEA3FF8204550F2007E0733 /* MultiTabViewController.m */,
			);
			path = Controllers;
			sourceTree = "<group>";
		};
		DC23E78620AC1E4300FFED7D /* YJNDesignableButton */ = {
			isa = PBXGroup;
			children = (
				DC23E78720AC1E4300FFED7D /* YJNDesignableButton.h */,
				DC23E78820AC1E4300FFED7D /* YJNDesignableButton.m */,
			);
			path = YJNDesignableButton;
			sourceTree = "<group>";
		};
		DC55A2DE208DB8890006E131 /* YJNPermissionManager */ = {
			isa = PBXGroup;
			children = (
				DC55A2DF208DB8890006E131 /* UIViewController+Permission.m */,
				DC55A2E0208DB8890006E131 /* UIViewController+Permission.h */,
			);
			path = YJNPermissionManager;
			sourceTree = "<group>";
		};
		DC64350C20AA95650057AC67 /* Tools */ = {
			isa = PBXGroup;
			children = (
				DC64350D20AA98ED0057AC67 /* YJNDateManager.h */,
				DC64350E20AA98ED0057AC67 /* YJNDateManager.m */,
			);
			path = Tools;
			sourceTree = "<group>";
		};
		DC8A77F42007650000E5DF42 = {
			isa = PBXGroup;
			children = (
				DC8A77FF2007650000E5DF42 /* YJNComponentsDemo */,
				DC8A77FE2007650000E5DF42 /* Products */,
			);
			sourceTree = "<group>";
		};
		DC8A77FE2007650000E5DF42 /* Products */ = {
			isa = PBXGroup;
			children = (
				DC8A77FD2007650000E5DF42 /* YJNComponentsDemo.app */,
			);
			name = Products;
			sourceTree = "<group>";
		};
		DC8A77FF2007650000E5DF42 /* YJNComponentsDemo */ = {
			isa = PBXGroup;
			children = (
				DC64350C20AA95650057AC67 /* Tools */,
				DC0EC105200DE34800E601CC /* Controllers */,
				DC0EC100200DDE9C00E601CC /* Vendor */,
				DC0EC0F9200DD52200E601CC /* Category */,
				DC8A78162007661500E5DF42 /* Components */,
				DC8A78002007650000E5DF42 /* AppDelegate.h */,
				DC8A78012007650000E5DF42 /* AppDelegate.m */,
				DC8A78062007650000E5DF42 /* Main.storyboard */,
				DC8A78092007650000E5DF42 /* Assets.xcassets */,
				DC8A780B2007650000E5DF42 /* LaunchScreen.storyboard */,
				DC8A780E2007650000E5DF42 /* Info.plist */,
				DC8A780F2007650000E5DF42 /* main.m */,
			);
			path = YJNComponentsDemo;
			sourceTree = "<group>";
		};
		DC8A78162007661500E5DF42 /* Components */ = {
			isa = PBXGroup;
			children = (
				DC23E78620AC1E4300FFED7D /* YJNDesignableButton */,
				DCEA3FEF20455002007E0733 /* YJNMultiTabView */,
				DCA19B7F20109CB600B3904F /* YJNPopoverArrowMenu */,
				DC8A78172007662F00E5DF42 /* YJNChooseList */,
			);
			path = Components;
			sourceTree = "<group>";
		};
		DC8A78172007662F00E5DF42 /* YJNChooseList */ = {
			isa = PBXGroup;
			children = (
				DC8A78182007662F00E5DF42 /* YJNChooseList.h */,
				DC8A78192007662F00E5DF42 /* YJNChooseList.m */,
				DC20C9EF20088C3F00131174 /* YJNChooseListCover.h */,
				DC20C9F020088C3F00131174 /* YJNChooseListCover.m */,
			);
			path = YJNChooseList;
			sourceTree = "<group>";
		};
		DCA19B482010745B00B3904F /* Masonry */ = {
			isa = PBXGroup;
			children = (
				DCA19B492010745B00B3904F /* MASCompositeConstraint.h */,
				DCA19B4A2010745B00B3904F /* NSLayoutConstraint+MASDebugAdditions.m */,
				DCA19B4B2010745B00B3904F /* MASConstraint+Private.h */,
				DCA19B4C2010745B00B3904F /* MASLayoutConstraint.h */,
				DCA19B4D2010745B00B3904F /* NSArray+MASShorthandAdditions.h */,
				DCA19B4E2010745B00B3904F /* MASConstraintMaker.h */,
				DCA19B4F2010745B00B3904F /* View+MASAdditions.h */,
				DCA19B502010745B00B3904F /* NSArray+MASAdditions.h */,
				DCA19B512010745B00B3904F /* MASUtilities.h */,
				DCA19B522010745B00B3904F /* MASViewAttribute.h */,
				DCA19B532010745B00B3904F /* ViewController+MASAdditions.m */,
				DCA19B542010745B00B3904F /* MASViewConstraint.h */,
				DCA19B552010745B00B3904F /* MASConstraint.h */,
				DCA19B562010745B00B3904F /* NSLayoutConstraint+MASDebugAdditions.h */,
				DCA19B572010745B00B3904F /* MASCompositeConstraint.m */,
				DCA19B582010745B00B3904F /* MASConstraintMaker.m */,
				DCA19B592010745B00B3904F /* MASLayoutConstraint.m */,
				DCA19B5A2010745B00B3904F /* NSArray+MASAdditions.m */,
				DCA19B5B2010745B00B3904F /* View+MASAdditions.m */,
				DCA19B5C2010745B00B3904F /* View+MASShorthandAdditions.h */,
				DCA19B5D2010745B00B3904F /* Masonry.h */,
				DCA19B5E2010745B00B3904F /* MASConstraint.m */,
				DCA19B5F2010745B00B3904F /* ViewController+MASAdditions.h */,
				DCA19B602010745B00B3904F /* MASViewConstraint.m */,
				DCA19B612010745B00B3904F /* MASViewAttribute.m */,
				DCA19B622010745B00B3904F /* Info.plist */,
			);
			path = Masonry;
			sourceTree = "<group>";
		};
		DCA19B762010981C00B3904F /* YJNDateDescription */ = {
			isa = PBXGroup;
			children = (
				DCA19B772010981C00B3904F /* NSDate+YJNDateDescription.m */,
				DCA19B782010981C00B3904F /* NSDate+YJNDateDescription.h */,
			);
			path = YJNDateDescription;
			sourceTree = "<group>";
		};
		DCA19B792010981C00B3904F /* YJNHud */ = {
			isa = PBXGroup;
			children = (
				DCA19B7A2010981C00B3904F /* UIViewController+YJNHUD.m */,
				DCA19B7B2010981C00B3904F /* UIViewController+YJNHUD.h */,
			);
			path = YJNHud;
			sourceTree = "<group>";
		};
		DCA19B7E20109C5E00B3904F /* YJNPopoverArrowMenu */ = {
			isa = PBXGroup;
			children = (
			);
			path = YJNPopoverArrowMenu;
			sourceTree = "<group>";
		};
		DCA19B7F20109CB600B3904F /* YJNPopoverArrowMenu */ = {
			isa = PBXGroup;
			children = (
			);
			path = YJNPopoverArrowMenu;
			sourceTree = "<group>";
		};
		DCA28E6820AF8854002FD6AF /* YJNNavigationControllerInspectable */ = {
			isa = PBXGroup;
			children = (
				DCA28E6920AF8854002FD6AF /* UINavigationController+Inspectable.m */,
				DCA28E6A20AF8854002FD6AF /* UINavigationController+Inspectable.h */,
			);
			path = YJNNavigationControllerInspectable;
			sourceTree = "<group>";
		};
		DCB1326220809E5F00CD7DC3 /* YJNCountDownBtn */ = {
			isa = PBXGroup;
			children = (
				DCB1326320809E9600CD7DC3 /* UIButton+YJNCountDown.h */,
				DCB1326420809E9600CD7DC3 /* UIButton+YJNCountDown.m */,
			);
			path = YJNCountDownBtn;
			sourceTree = "<group>";
		};
		DCEA3FEF20455002007E0733 /* YJNMultiTabView */ = {
			isa = PBXGroup;
			children = (
				DCEA3FF020455002007E0733 /* YJNMultiTabButton.h */,
				DCEA3FF220455002007E0733 /* YJNMultiTabButton.m */,
				DCEA3FF420455002007E0733 /* YJNMultiTabConstant.h */,
				DCEA3FF120455002007E0733 /* YJNMultiTabView.h */,
				DCEA3FF320455002007E0733 /* YJNMultiTabView.m */,
			);
			path = YJNMultiTabView;
			sourceTree = "<group>";
		};
/* End PBXGroup section */

/* Begin PBXNativeTarget section */
		DC8A77FC2007650000E5DF42 /* YJNComponentsDemo */ = {
			isa = PBXNativeTarget;
			buildConfigurationList = DC8A78132007650000E5DF42 /* Build configuration list for PBXNativeTarget "YJNComponentsDemo" */;
			buildPhases = (
				DC8A77F92007650000E5DF42 /* Sources */,
				DC8A77FA2007650000E5DF42 /* Frameworks */,
				DC8A77FB2007650000E5DF42 /* Resources */,
			);
			buildRules = (
			);
			dependencies = (
			);
			name = YJNComponentsDemo;
			productName = YJNComponentsDemo;
			productReference = DC8A77FD2007650000E5DF42 /* YJNComponentsDemo.app */;
			productType = "com.apple.product-type.application";
		};
/* End PBXNativeTarget section */

/* Begin PBXProject section */
		DC8A77F52007650000E5DF42 /* Project object */ = {
			isa = PBXProject;
			attributes = {
				LastUpgradeCheck = 0920;
				ORGANIZATIONNAME = Vanduza;
				TargetAttributes = {
					DC8A77FC2007650000E5DF42 = {
						CreatedOnToolsVersion = 9.2;
						ProvisioningStyle = Automatic;
					};
				};
			};
			buildConfigurationList = DC8A77F82007650000E5DF42 /* Build configuration list for PBXProject "YJNComponentsDemo" */;
			compatibilityVersion = "Xcode 8.0";
			developmentRegion = en;
			hasScannedForEncodings = 0;
			knownRegions = (
				en,
				Base,
			);
			mainGroup = DC8A77F42007650000E5DF42;
			productRefGroup = DC8A77FE2007650000E5DF42 /* Products */;
			projectDirPath = "";
			projectRoot = "";
			targets = (
				DC8A77FC2007650000E5DF42 /* YJNComponentsDemo */,
			);
		};
/* End PBXProject section */

/* Begin PBXResourcesBuildPhase section */
		DC8A77FB2007650000E5DF42 /* Resources */ = {
			isa = PBXResourcesBuildPhase;
			buildActionMask = 2147483647;
			files = (
				DCA19B6D2010745B00B3904F /* Info.plist in Resources */,
				DC8A780D2007650000E5DF42 /* LaunchScreen.storyboard in Resources */,
				DC8A780A2007650000E5DF42 /* Assets.xcassets in Resources */,
				DC8A78082007650000E5DF42 /* Main.storyboard in Resources */,
			);
			runOnlyForDeploymentPostprocessing = 0;
		};
/* End PBXResourcesBuildPhase section */

/* Begin PBXSourcesBuildPhase section */
		DC8A77F92007650000E5DF42 /* Sources */ = {
			isa = PBXSourcesBuildPhase;
			buildActionMask = 2147483647;
			files = (
				DCA19B632010745B00B3904F /* NSLayoutConstraint+MASDebugAdditions.m in Sources */,
				DC23E78920AC1E4300FFED7D /* YJNDesignableButton.m in Sources */,
				DC64350F20AA98ED0057AC67 /* YJNDateManager.m in Sources */,
				DCA28E6B20AF8854002FD6AF /* UINavigationController+Inspectable.m in Sources */,
				DC0EC10B200DE39000E601CC /* ViewController.m in Sources */,
				DCA19B6A2010745B00B3904F /* MASConstraint.m in Sources */,
				DCA19B6B2010745B00B3904F /* MASViewConstraint.m in Sources */,
				DCA19B642010745B00B3904F /* ViewController+MASAdditions.m in Sources */,
				DCB1326520809E9600CD7DC3 /* UIButton+YJNCountDown.m in Sources */,
				DCA19B6C2010745B00B3904F /* MASViewAttribute.m in Sources */,
				DC20C9F120088C3F00131174 /* YJNChooseListCover.m in Sources */,
				DCA19B7C2010981C00B3904F /* NSDate+YJNDateDescription.m in Sources */,
				DCEA3FF9204550F2007E0733 /* MultiTabViewController.m in Sources */,
				DCA19B652010745B00B3904F /* MASCompositeConstraint.m in Sources */,
				DCEA3FF520455002007E0733 /* YJNMultiTabButton.m in Sources */,
				DCA19B692010745B00B3904F /* View+MASAdditions.m in Sources */,
				DC8A781A2007662F00E5DF42 /* YJNChooseList.m in Sources */,
				DCEA3FF620455002007E0733 /* YJNMultiTabView.m in Sources */,
				DCA19B672010745B00B3904F /* MASLayoutConstraint.m in Sources */,
				DCA19B662010745B00B3904F /* MASConstraintMaker.m in Sources */,
				DC55A2E1208DB8890006E131 /* UIViewController+Permission.m in Sources */,
				DC8A78102007650000E5DF42 /* main.m in Sources */,
				DCA19B7D2010981C00B3904F /* UIViewController+YJNHUD.m in Sources */,
				DCA19B682010745B00B3904F /* NSArray+MASAdditions.m in Sources */,
				DC0EC108200DE37800E601CC /* DateDescripController.m in Sources */,
				DC8A78022007650000E5DF42 /* AppDelegate.m in Sources */,
				DC0EC104200DDF1A00E601CC /* MBProgressHUD.m in Sources */,
			);
			runOnlyForDeploymentPostprocessing = 0;
		};
/* End PBXSourcesBuildPhase section */

/* Begin PBXVariantGroup section */
		DC8A78062007650000E5DF42 /* Main.storyboard */ = {
			isa = PBXVariantGroup;
			children = (
				DC8A78072007650000E5DF42 /* Base */,
			);
			name = Main.storyboard;
			sourceTree = "<group>";
		};
		DC8A780B2007650000E5DF42 /* LaunchScreen.storyboard */ = {
			isa = PBXVariantGroup;
			children = (
				DC8A780C2007650000E5DF42 /* Base */,
			);
			name = LaunchScreen.storyboard;
			sourceTree = "<group>";
		};
/* End PBXVariantGroup section */

/* Begin XCBuildConfiguration section */
		DC8A78112007650000E5DF42 /* Debug */ = {
			isa = XCBuildConfiguration;
			buildSettings = {
				ALWAYS_SEARCH_USER_PATHS = NO;
				CLANG_ANALYZER_NONNULL = YES;
				CLANG_ANALYZER_NUMBER_OBJECT_CONVERSION = YES_AGGRESSIVE;
				CLANG_CXX_LANGUAGE_STANDARD = "gnu++14";
				CLANG_CXX_LIBRARY = "libc++";
				CLANG_ENABLE_MODULES = YES;
				CLANG_ENABLE_OBJC_ARC = YES;
				CLANG_WARN_BLOCK_CAPTURE_AUTORELEASING = YES;
				CLANG_WARN_BOOL_CONVERSION = YES;
				CLANG_WARN_COMMA = YES;
				CLANG_WARN_CONSTANT_CONVERSION = YES;
				CLANG_WARN_DIRECT_OBJC_ISA_USAGE = YES_ERROR;
				CLANG_WARN_DOCUMENTATION_COMMENTS = YES;
				CLANG_WARN_EMPTY_BODY = YES;
				CLANG_WARN_ENUM_CONVERSION = YES;
				CLANG_WARN_INFINITE_RECURSION = YES;
				CLANG_WARN_INT_CONVERSION = YES;
				CLANG_WARN_NON_LITERAL_NULL_CONVERSION = YES;
				CLANG_WARN_OBJC_LITERAL_CONVERSION = YES;
				CLANG_WARN_OBJC_ROOT_CLASS = YES_ERROR;
				CLANG_WARN_RANGE_LOOP_ANALYSIS = YES;
				CLANG_WARN_STRICT_PROTOTYPES = YES;
				CLANG_WARN_SUSPICIOUS_MOVE = YES;
				CLANG_WARN_UNGUARDED_AVAILABILITY = YES_AGGRESSIVE;
				CLANG_WARN_UNREACHABLE_CODE = YES;
				CLANG_WARN__DUPLICATE_METHOD_MATCH = YES;
				CODE_SIGN_IDENTITY = "iPhone Developer";
				COPY_PHASE_STRIP = NO;
				DEBUG_INFORMATION_FORMAT = dwarf;
				ENABLE_STRICT_OBJC_MSGSEND = YES;
				ENABLE_TESTABILITY = YES;
				GCC_C_LANGUAGE_STANDARD = gnu11;
				GCC_DYNAMIC_NO_PIC = NO;
				GCC_NO_COMMON_BLOCKS = YES;
				GCC_OPTIMIZATION_LEVEL = 0;
				GCC_PREPROCESSOR_DEFINITIONS = (
					"DEBUG=1",
					"$(inherited)",
				);
				GCC_WARN_64_TO_32_BIT_CONVERSION = YES;
				GCC_WARN_ABOUT_RETURN_TYPE = YES_ERROR;
				GCC_WARN_UNDECLARED_SELECTOR = YES;
				GCC_WARN_UNINITIALIZED_AUTOS = YES_AGGRESSIVE;
				GCC_WARN_UNUSED_FUNCTION = YES;
				GCC_WARN_UNUSED_VARIABLE = YES;
				IPHONEOS_DEPLOYMENT_TARGET = 11.2;
				MTL_ENABLE_DEBUG_INFO = YES;
				ONLY_ACTIVE_ARCH = YES;
				SDKROOT = iphoneos;
			};
			name = Debug;
		};
		DC8A78122007650000E5DF42 /* Release */ = {
			isa = XCBuildConfiguration;
			buildSettings = {
				ALWAYS_SEARCH_USER_PATHS = NO;
				CLANG_ANALYZER_NONNULL = YES;
				CLANG_ANALYZER_NUMBER_OBJECT_CONVERSION = YES_AGGRESSIVE;
				CLANG_CXX_LANGUAGE_STANDARD = "gnu++14";
				CLANG_CXX_LIBRARY = "libc++";
				CLANG_ENABLE_MODULES = YES;
				CLANG_ENABLE_OBJC_ARC = YES;
				CLANG_WARN_BLOCK_CAPTURE_AUTORELEASING = YES;
				CLANG_WARN_BOOL_CONVERSION = YES;
				CLANG_WARN_COMMA = YES;
				CLANG_WARN_CONSTANT_CONVERSION = YES;
				CLANG_WARN_DIRECT_OBJC_ISA_USAGE = YES_ERROR;
				CLANG_WARN_DOCUMENTATION_COMMENTS = YES;
				CLANG_WARN_EMPTY_BODY = YES;
				CLANG_WARN_ENUM_CONVERSION = YES;
				CLANG_WARN_INFINITE_RECURSION = YES;
				CLANG_WARN_INT_CONVERSION = YES;
				CLANG_WARN_NON_LITERAL_NULL_CONVERSION = YES;
				CLANG_WARN_OBJC_LITERAL_CONVERSION = YES;
				CLANG_WARN_OBJC_ROOT_CLASS = YES_ERROR;
				CLANG_WARN_RANGE_LOOP_ANALYSIS = YES;
				CLANG_WARN_STRICT_PROTOTYPES = YES;
				CLANG_WARN_SUSPICIOUS_MOVE = YES;
				CLANG_WARN_UNGUARDED_AVAILABILITY = YES_AGGRESSIVE;
				CLANG_WARN_UNREACHABLE_CODE = YES;
				CLANG_WARN__DUPLICATE_METHOD_MATCH = YES;
				CODE_SIGN_IDENTITY = "iPhone Developer";
				COPY_PHASE_STRIP = NO;
				DEBUG_INFORMATION_FORMAT = "dwarf-with-dsym";
				ENABLE_NS_ASSERTIONS = NO;
				ENABLE_STRICT_OBJC_MSGSEND = YES;
				GCC_C_LANGUAGE_STANDARD = gnu11;
				GCC_NO_COMMON_BLOCKS = YES;
				GCC_WARN_64_TO_32_BIT_CONVERSION = YES;
				GCC_WARN_ABOUT_RETURN_TYPE = YES_ERROR;
				GCC_WARN_UNDECLARED_SELECTOR = YES;
				GCC_WARN_UNINITIALIZED_AUTOS = YES_AGGRESSIVE;
				GCC_WARN_UNUSED_FUNCTION = YES;
				GCC_WARN_UNUSED_VARIABLE = YES;
				IPHONEOS_DEPLOYMENT_TARGET = 11.2;
				MTL_ENABLE_DEBUG_INFO = NO;
				SDKROOT = iphoneos;
				VALIDATE_PRODUCT = YES;
			};
			name = Release;
		};
		DC8A78142007650000E5DF42 /* Debug */ = {
			isa = XCBuildConfiguration;
			buildSettings = {
				ASSETCATALOG_COMPILER_APPICON_NAME = AppIcon;
				CODE_SIGN_STYLE = Automatic;
				DEVELOPMENT_TEAM = N6P8WZG8ZC;
				INFOPLIST_FILE = YJNComponentsDemo/Info.plist;
				IPHONEOS_DEPLOYMENT_TARGET = 9.0;
				LD_RUNPATH_SEARCH_PATHS = "$(inherited) @executable_path/Frameworks";
				PRODUCT_BUNDLE_IDENTIFIER = com.vanduza.YJNComponentsDemo;
				PRODUCT_NAME = "$(TARGET_NAME)";
				TARGETED_DEVICE_FAMILY = 1;
			};
			name = Debug;
		};
		DC8A78152007650000E5DF42 /* Release */ = {
			isa = XCBuildConfiguration;
			buildSettings = {
				ASSETCATALOG_COMPILER_APPICON_NAME = AppIcon;
				CODE_SIGN_STYLE = Automatic;
				DEVELOPMENT_TEAM = N6P8WZG8ZC;
				INFOPLIST_FILE = YJNComponentsDemo/Info.plist;
				IPHONEOS_DEPLOYMENT_TARGET = 9.0;
				LD_RUNPATH_SEARCH_PATHS = "$(inherited) @executable_path/Frameworks";
				PRODUCT_BUNDLE_IDENTIFIER = com.vanduza.YJNComponentsDemo;
				PRODUCT_NAME = "$(TARGET_NAME)";
				TARGETED_DEVICE_FAMILY = 1;
			};
			name = Release;
		};
/* End XCBuildConfiguration section */

/* Begin XCConfigurationList section */
		DC8A77F82007650000E5DF42 /* Build configuration list for PBXProject "YJNComponentsDemo" */ = {
			isa = XCConfigurationList;
			buildConfigurations = (
				DC8A78112007650000E5DF42 /* Debug */,
				DC8A78122007650000E5DF42 /* Release */,
			);
			defaultConfigurationIsVisible = 0;
			defaultConfigurationName = Release;
		};
		DC8A78132007650000E5DF42 /* Build configuration list for PBXNativeTarget "YJNComponentsDemo" */ = {
			isa = XCConfigurationList;
			buildConfigurations = (
				DC8A78142007650000E5DF42 /* Debug */,
				DC8A78152007650000E5DF42 /* Release */,
			);
			defaultConfigurationIsVisible = 0;
			defaultConfigurationName = Release;
		};
/* End XCConfigurationList section */
	};
	rootObject = DC8A77F52007650000E5DF42 /* Project object */;
}
